// !$*UTF8*$!
{
	archiveVersion = 1;
	classes = {
	};
	objectVersion = 56;
	objects = {

/* Begin PBXBuildFile section */
		680520562E222B8300034FB7 /* AtlysTestApp.swift in Sources */ = {isa = PBXBuildFile; fileRef = 680520552E222B8300034FB7 /* AtlysTestApp.swift */; };
		680520582E222B8300034FB7 /* ContentView.swift in Sources */ = {isa = PBXBuildFile; fileRef = 680520572E222B8300034FB7 /* ContentView.swift */; };
		6805205A2E222B8500034FB7 /* Assets.xcassets in Resources */ = {isa = PBXBuildFile; fileRef = 680520592E222B8500034FB7 /* Assets.xcassets */; };
		6805205D2E222B8500034FB7 /* Preview Assets.xcassets in Resources */ = {isa = PBXBuildFile; fileRef = 6805205C2E222B8500034FB7 /* Preview Assets.xcassets */; };
		680520672E222B8500034FB7 /* AtlysTestTests.swift in Sources */ = {isa = PBXBuildFile; fileRef = 680520662E222B8500034FB7 /* AtlysTestTests.swift */; };
		680520712E222B8500034FB7 /* AtlysTestUITests.swift in Sources */ = {isa = PBXBuildFile; fileRef = 680520702E222B8500034FB7 /* AtlysTestUITests.swift */; };
		680520732E222B8500034FB7 /* AtlysTestUITestsLaunchTests.swift in Sources */ = {isa = PBXBuildFile; fileRef = 680520722E222B8500034FB7 /* AtlysTestUITestsLaunchTests.swift */; };
/* End PBXBuildFile section */

/* Begin PBXContainerItemProxy section */
		680520632E222B8500034FB7 /* PBXContainerItemProxy */ = {
			isa = PBXContainerItemProxy;
			containerPortal = 6805204A2E222B8300034FB7 /* Project object */;
			proxyType = 1;
			remoteGlobalIDString = 680520512E222B8300034FB7;
			remoteInfo = AtlysTest;
		};
		6805206D2E222B8500034FB7 /* PBXContainerItemProxy */ = {
			isa = PBXContainerItemProxy;
			containerPortal = 6805204A2E222B8300034FB7 /* Project object */;
			proxyType = 1;
			remoteGlobalIDString = 680520512E222B8300034FB7;
			remoteInfo = AtlysTest;
		};
/* End PBXContainerItemProxy section */

/* Begin PBXFileReference section */
		680520522E222B8300034FB7 /* AtlysTest.app */ = {isa = PBXFileReference; explicitFileType = wrapper.application; includeInIndex = 0; path = AtlysTest.app; sourceTree = BUILT_PRODUCTS_DIR; };
		680520552E222B8300034FB7 /* AtlysTestApp.swift */ = {isa = PBXFileReference; lastKnownFileType = sourcecode.swift; path = AtlysTestApp.swift; sourceTree = "<group>"; };
		680520572E222B8300034FB7 /* ContentView.swift */ = {isa = PBXFileReference; lastKnownFileType = sourcecode.swift; path = ContentView.swift; sourceTree = "<group>"; };
		680520592E222B8500034FB7 /* Assets.xcassets */ = {isa = PBXFileReference; lastKnownFileType = folder.assetcatalog; path = Assets.xcassets; sourceTree = "<group>"; };
		6805205C2E222B8500034FB7 /* Preview Assets.xcassets */ = {isa = PBXFileReference; lastKnownFileType = folder.assetcatalog; path = "Preview Assets.xcassets"; sourceTree = "<group>"; };
		680520622E222B8500034FB7 /* AtlysTestTests.xctest */ = {isa = PBXFileReference; explicitFileType = wrapper.cfbundle; includeInIndex = 0; path = AtlysTestTests.xctest; sourceTree = BUILT_PRODUCTS_DIR; };
		680520662E222B8500034FB7 /* AtlysTestTests.swift */ = {isa = PBXFileReference; lastKnownFileType = sourcecode.swift; path = AtlysTestTests.swift; sourceTree = "<group>"; };
		6805206C2E222B8500034FB7 /* AtlysTestUITests.xctest */ = {isa = PBXFileReference; explicitFileType = wrapper.cfbundle; includeInIndex = 0; path = AtlysTestUITests.xctest; sourceTree = BUILT_PRODUCTS_DIR; };
		680520702E222B8500034FB7 /* AtlysTestUITests.swift */ = {isa = PBXFileReference; lastKnownFileType = sourcecode.swift; path = AtlysTestUITests.swift; sourceTree = "<group>"; };
		680520722E222B8500034FB7 /* AtlysTestUITestsLaunchTests.swift */ = {isa = PBXFileReference; lastKnownFileType = sourcecode.swift; path = AtlysTestUITestsLaunchTests.swift; sourceTree = "<group>"; };
/* End PBXFileReference section */

/* Begin PBXFrameworksBuildPhase section */
		6805204F2E222B8300034FB7 /* Frameworks */ = {
			isa = PBXFrameworksBuildPhase;
			buildActionMask = 2147483647;
			files = (
			);
			runOnlyForDeploymentPostprocessing = 0;
		};
		6805205F2E222B8500034FB7 /* Frameworks */ = {
			isa = PBXFrameworksBuildPhase;
			buildActionMask = 2147483647;
			files = (
			);
			runOnlyForDeploymentPostprocessing = 0;
		};
		680520692E222B8500034FB7 /* Frameworks */ = {
			isa = PBXFrameworksBuildPhase;
			buildActionMask = 2147483647;
			files = (
			);
			runOnlyForDeploymentPostprocessing = 0;
		};
/* End PBXFrameworksBuildPhase section */

/* Begin PBXGroup section */
		680520492E222B8300034FB7 = {
			isa = PBXGroup;
			children = (
				680520542E222B8300034FB7 /* AtlysTest */,
				680520652E222B8500034FB7 /* AtlysTestTests */,
				6805206F2E222B8500034FB7 /* AtlysTestUITests */,
				680520532E222B8300034FB7 /* Products */,
			);
			sourceTree = "<group>";
		};
		680520532E222B8300034FB7 /* Products */ = {
			isa = PBXGroup;
			children = (
				680520522E222B8300034FB7 /* AtlysTest.app */,
				680520622E222B8500034FB7 /* AtlysTestTests.xctest */,
				6805206C2E222B8500034FB7 /* AtlysTestUITests.xctest */,
			);
			name = Products;
			sourceTree = "<group>";
		};
		680520542E222B8300034FB7 /* AtlysTest */ = {
			isa = PBXGroup;
			children = (
				680520552E222B8300034FB7 /* AtlysTestApp.swift */,
				680520572E222B8300034FB7 /* ContentView.swift */,
				680520592E222B8500034FB7 /* Assets.xcassets */,
				6805205B2E222B8500034FB7 /* Preview Content */,
			);
			path = AtlysTest;
			sourceTree = "<group>";
		};
		6805205B2E222B8500034FB7 /* Preview Content */ = {
			isa = PBXGroup;
			children = (
				6805205C2E222B8500034FB7 /* Preview Assets.xcassets */,
			);
			path = "Preview Content";
			sourceTree = "<group>";
		};
		680520652E222B8500034FB7 /* AtlysTestTests */ = {
			isa = PBXGroup;
			children = (
				680520662E222B8500034FB7 /* AtlysTestTests.swift */,
			);
			path = AtlysTestTests;
			sourceTree = "<group>";
		};
		6805206F2E222B8500034FB7 /* AtlysTestUITests */ = {
			isa = PBXGroup;
			children = (
				680520702E222B8500034FB7 /* AtlysTestUITests.swift */,
				680520722E222B8500034FB7 /* AtlysTestUITestsLaunchTests.swift */,
			);
			path = AtlysTestUITests;
			sourceTree = "<group>";
		};
/* End PBXGroup section */

/* Begin PBXNativeTarget section */
		680520512E222B8300034FB7 /* AtlysTest */ = {
			isa = PBXNativeTarget;
			buildConfigurationList = 680520762E222B8500034FB7 /* Build configuration list for PBXNativeTarget "AtlysTest" */;
			buildPhases = (
				6805204E2E222B8300034FB7 /* Sources */,
				6805204F2E222B8300034FB7 /* Frameworks */,
				680520502E222B8300034FB7 /* Resources */,
			);
			buildRules = (
			);
			dependencies = (
			);
			name = AtlysTest;
			productName = AtlysTest;
			productReference = 680520522E222B8300034FB7 /* AtlysTest.app */;
			productType = "com.apple.product-type.application";
		};
		680520612E222B8500034FB7 /* AtlysTestTests */ = {
			isa = PBXNativeTarget;
			buildConfigurationList = 680520792E222B8500034FB7 /* Build configuration list for PBXNativeTarget "AtlysTestTests" */;
			buildPhases = (
				6805205E2E222B8500034FB7 /* Sources */,
				6805205F2E222B8500034FB7 /* Frameworks */,
				680520602E222B8500034FB7 /* Resources */,
			);
			buildRules = (
			);
			dependencies = (
				680520642E222B8500034FB7 /* PBXTargetDependency */,
			);
			name = AtlysTestTests;
			productName = AtlysTestTests;
			productReference = 680520622E222B8500034FB7 /* AtlysTestTests.xctest */;
			productType = "com.apple.product-type.bundle.unit-test";
		};
		6805206B2E222B8500034FB7 /* AtlysTestUITests */ = {
			isa = PBXNativeTarget;
			buildConfigurationList = 6805207C2E222B8500034FB7 /* Build configuration list for PBXNativeTarget "AtlysTestUITests" */;
			buildPhases = (
				680520682E222B8500034FB7 /* Sources */,
				680520692E222B8500034FB7 /* Frameworks */,
				6805206A2E222B8500034FB7 /* Resources */,
			);
			buildRules = (
			);
			dependencies = (
				6805206E2E222B8500034FB7 /* PBXTargetDependency */,
			);
			name = AtlysTestUITests;
			productName = AtlysTestUITests;
			productReference = 6805206C2E222B8500034FB7 /* AtlysTestUITests.xctest */;
			productType = "com.apple.product-type.bundle.ui-testing";
		};
/* End PBXNativeTarget section */

/* Begin PBXProject section */
		6805204A2E222B8300034FB7 /* Project object */ = {
			isa = PBXProject;
			attributes = {
				BuildIndependentTargetsInParallel = 1;
				LastSwiftUpdateCheck = 1540;
				LastUpgradeCheck = 1540;
				TargetAttributes = {
					680520512E222B8300034FB7 = {
						CreatedOnToolsVersion = 15.4;
					};
					680520612E222B8500034FB7 = {
						CreatedOnToolsVersion = 15.4;
						TestTargetID = 680520512E222B8300034FB7;
					};
					6805206B2E222B8500034FB7 = {
						CreatedOnToolsVersion = 15.4;
						TestTargetID = 680520512E222B8300034FB7;
					};
				};
			};
			buildConfigurationList = 6805204D2E222B8300034FB7 /* Build configuration list for PBXProject "AtlysTest" */;
			compatibilityVersion = "Xcode 14.0";
			developmentRegion = en;
			hasScannedForEncodings = 0;
			knownRegions = (
				en,
				Base,
			);
			mainGroup = 680520492E222B8300034FB7;
			productRefGroup = 680520532E222B8300034FB7 /* Products */;
			projectDirPath = "";
			projectRoot = "";
			targets = (
				680520512E222B8300034FB7 /* AtlysTest */,
				680520612E222B8500034FB7 /* AtlysTestTests */,
				6805206B2E222B8500034FB7 /* AtlysTestUITests */,
			);
		};
/* End PBXProject section */

/* Begin PBXResourcesBuildPhase section */
		680520502E222B8300034FB7 /* Resources */ = {
			isa = PBXResourcesBuildPhase;
			buildActionMask = 2147483647;
			files = (
				6805205D2E222B8500034FB7 /* Preview Assets.xcassets in Resources */,
				6805205A2E222B8500034FB7 /* Assets.xcassets in Resources */,
			);
			runOnlyForDeploymentPostprocessing = 0;
		};
		680520602E222B8500034FB7 /* Resources */ = {
			isa = PBXResourcesBuildPhase;
			buildActionMask = 2147483647;
			files = (
			);
			runOnlyForDeploymentPostprocessing = 0;
		};
		6805206A2E222B8500034FB7 /* Resources */ = {
			isa = PBXResourcesBuildPhase;
			buildActionMask = 2147483647;
			files = (
			);
			runOnlyForDeploymentPostprocessing = 0;
		};
/* End PBXResourcesBuildPhase section */

/* Begin PBXSourcesBuildPhase section */
		6805204E2E222B8300034FB7 /* Sources */ = {
			isa = PBXSourcesBuildPhase;
			buildActionMask = 2147483647;
			files = (
				680520582E222B8300034FB7 /* ContentView.swift in Sources */,
				680520562E222B8300034FB7 /* AtlysTestApp.swift in Sources */,
			);
			runOnlyForDeploymentPostprocessing = 0;
		};
		6805205E2E222B8500034FB7 /* Sources */ = {
			isa = PBXSourcesBuildPhase;
			buildActionMask = 2147483647;
			files = (
				680520672E222B8500034FB7 /* AtlysTestTests.swift in Sources */,
			);
			runOnlyForDeploymentPostprocessing = 0;
		};
		680520682E222B8500034FB7 /* Sources */ = {
			isa = PBXSourcesBuildPhase;
			buildActionMask = 2147483647;
			files = (
				680520732E222B8500034FB7 /* AtlysTestUITestsLaunchTests.swift in Sources */,
				680520712E222B8500034FB7 /* AtlysTestUITests.swift in Sources */,
			);
			runOnlyForDeploymentPostprocessing = 0;
		};
/* End PBXSourcesBuildPhase section */

/* Begin PBXTargetDependency section */
		680520642E222B8500034FB7 /* PBXTargetDependency */ = {
			isa = PBXTargetDependency;
			target = 680520512E222B8300034FB7 /* AtlysTest */;
			targetProxy = 680520632E222B8500034FB7 /* PBXContainerItemProxy */;
		};
		6805206E2E222B8500034FB7 /* PBXTargetDependency */ = {
			isa = PBXTargetDependency;
			target = 680520512E222B8300034FB7 /* AtlysTest */;
			targetProxy = 6805206D2E222B8500034FB7 /* PBXContainerItemProxy */;
		};
/* End PBXTargetDependency section */

/* Begin XCBuildConfiguration section */
		680520742E222B8500034FB7 /* Debug */ = {
			isa = XCBuildConfiguration;
			buildSettings = {
				ALWAYS_SEARCH_USER_PATHS = NO;
				ASSETCATALOG_COMPILER_GENERATE_SWIFT_ASSET_SYMBOL_EXTENSIONS = YES;
				CLANG_ANALYZER_NONNULL = YES;
				CLANG_ANALYZER_NUMBER_OBJECT_CONVERSION = YES_AGGRESSIVE;
				CLANG_CXX_LANGUAGE_STANDARD = "gnu++20";
				CLANG_ENABLE_MODULES = YES;
				CLANG_ENABLE_OBJC_ARC = YES;
				CLANG_ENABLE_OBJC_WEAK = YES;
				CLANG_WARN_BLOCK_CAPTURE_AUTORELEASING = YES;
				CLANG_WARN_BOOL_CONVERSION = YES;
				CLANG_WARN_COMMA = YES;
				CLANG_WARN_CONSTANT_CONVERSION = YES;
				CLANG_WARN_DEPRECATED_OBJC_IMPLEMENTATIONS = YES;
				CLANG_WARN_DIRECT_OBJC_ISA_USAGE = YES_ERROR;
				CLANG_WARN_DOCUMENTATION_COMMENTS = YES;
				CLANG_WARN_EMPTY_BODY = YES;
				CLANG_WARN_ENUM_CONVERSION = YES;
				CLANG_WARN_INFINITE_RECURSION = YES;
				CLANG_WARN_INT_CONVERSION = YES;
				CLANG_WARN_NON_LITERAL_NULL_CONVERSION = YES;
				CLANG_WARN_OBJC_IMPLICIT_RETAIN_SELF = YES;
				CLANG_WARN_OBJC_LITERAL_CONVERSION = YES;
				CLANG_WARN_OBJC_ROOT_CLASS = YES_ERROR;
				CLANG_WARN_QUOTED_INCLUDE_IN_FRAMEWORK_HEADER = YES;
				CLANG_WARN_RANGE_LOOP_ANALYSIS = YES;
				CLANG_WARN_STRICT_PROTOTYPES = YES;
				CLANG_WARN_SUSPICIOUS_MOVE = YES;
				CLANG_WARN_UNGUARDED_AVAILABILITY = YES_AGGRESSIVE;
				CLANG_WARN_UNREACHABLE_CODE = YES;
				CLANG_WARN__DUPLICATE_METHOD_MATCH = YES;
				COPY_PHASE_STRIP = NO;
				DEBUG_INFORMATION_FORMAT = dwarf;
				ENABLE_STRICT_OBJC_MSGSEND = YES;
				ENABLE_TESTABILITY = YES;
				ENABLE_USER_SCRIPT_SANDBOXING = YES;
				GCC_C_LANGUAGE_STANDARD = gnu17;
				GCC_DYNAMIC_NO_PIC = NO;
				GCC_NO_COMMON_BLOCKS = YES;
				GCC_OPTIMIZATION_LEVEL = 0;
				GCC_PREPROCESSOR_DEFINITIONS = (
					"DEBUG=1",
					"$(inherited)",
				);
				GCC_WARN_64_TO_32_BIT_CONVERSION = YES;
				GCC_WARN_ABOUT_RETURN_TYPE = YES_ERROR;
				GCC_WARN_UNDECLARED_SELECTOR = YES;
				GCC_WARN_UNINITIALIZED_AUTOS = YES_AGGRESSIVE;
				GCC_WARN_UNUSED_FUNCTION = YES;
				GCC_WARN_UNUSED_VARIABLE = YES;
				IPHONEOS_DEPLOYMENT_TARGET = 17.5;
				LOCALIZATION_PREFERS_STRING_CATALOGS = YES;
				MTL_ENABLE_DEBUG_INFO = INCLUDE_SOURCE;
				MTL_FAST_MATH = YES;
				ONLY_ACTIVE_ARCH = YES;
				SDKROOT = iphoneos;
				SWIFT_ACTIVE_COMPILATION_CONDITIONS = "DEBUG $(inherited)";
				SWIFT_OPTIMIZATION_LEVEL = "-Onone";
			};
			name = Debug;
		};
		680520752E222B8500034FB7 /* Release */ = {
			isa = XCBuildConfiguration;
			buildSettings = {
				ALWAYS_SEARCH_USER_PATHS = NO;
				ASSETCATALOG_COMPILER_GENERATE_SWIFT_ASSET_SYMBOL_EXTENSIONS = YES;
				CLANG_ANALYZER_NONNULL = YES;
				CLANG_ANALYZER_NUMBER_OBJECT_CONVERSION = YES_AGGRESSIVE;
				CLANG_CXX_LANGUAGE_STANDARD = "gnu++20";
				CLANG_ENABLE_MODULES = YES;
				CLANG_ENABLE_OBJC_ARC = YES;
				CLANG_ENABLE_OBJC_WEAK = YES;
				CLANG_WARN_BLOCK_CAPTURE_AUTORELEASING = YES;
				CLANG_WARN_BOOL_CONVERSION = YES;
				CLANG_WARN_COMMA = YES;
				CLANG_WARN_CONSTANT_CONVERSION = YES;
				CLANG_WARN_DEPRECATED_OBJC_IMPLEMENTATIONS = YES;
				CLANG_WARN_DIRECT_OBJC_ISA_USAGE = YES_ERROR;
				CLANG_WARN_DOCUMENTATION_COMMENTS = YES;
				CLANG_WARN_EMPTY_BODY = YES;
				CLANG_WARN_ENUM_CONVERSION = YES;
				CLANG_WARN_INFINITE_RECURSION = YES;
				CLANG_WARN_INT_CONVERSION = YES;
				CLANG_WARN_NON_LITERAL_NULL_CONVERSION = YES;
				CLANG_WARN_OBJC_IMPLICIT_RETAIN_SELF = YES;
				CLANG_WARN_OBJC_LITERAL_CONVERSION = YES;
				CLANG_WARN_OBJC_ROOT_CLASS = YES_ERROR;
				CLANG_WARN_QUOTED_INCLUDE_IN_FRAMEWORK_HEADER = YES;
				CLANG_WARN_RANGE_LOOP_ANALYSIS = YES;
				CLANG_WARN_STRICT_PROTOTYPES = YES;
				CLANG_WARN_SUSPICIOUS_MOVE = YES;
				CLANG_WARN_UNGUARDED_AVAILABILITY = YES_AGGRESSIVE;
				CLANG_WARN_UNREACHABLE_CODE = YES;
				CLANG_WARN__DUPLICATE_METHOD_MATCH = YES;
				COPY_PHASE_STRIP = NO;
				DEBUG_INFORMATION_FORMAT = "dwarf-with-dsym";
				ENABLE_NS_ASSERTIONS = NO;
				ENABLE_STRICT_OBJC_MSGSEND = YES;
				ENABLE_USER_SCRIPT_SANDBOXING = YES;
				GCC_C_LANGUAGE_STANDARD = gnu17;
				GCC_NO_COMMON_BLOCKS = YES;
				GCC_WARN_64_TO_32_BIT_CONVERSION = YES;
				GCC_WARN_ABOUT_RETURN_TYPE = YES_ERROR;
				GCC_WARN_UNDECLARED_SELECTOR = YES;
				GCC_WARN_UNINITIALIZED_AUTOS = YES_AGGRESSIVE;
				GCC_WARN_UNUSED_FUNCTION = YES;
				GCC_WARN_UNUSED_VARIABLE = YES;
				IPHONEOS_DEPLOYMENT_TARGET = 17.5;
				LOCALIZATION_PREFERS_STRING_CATALOGS = YES;
				MTL_ENABLE_DEBUG_INFO = NO;
				MTL_FAST_MATH = YES;
				SDKROOT = iphoneos;
				SWIFT_COMPILATION_MODE = wholemodule;
				VALIDATE_PRODUCT = YES;
			};
			name = Release;
		};
		680520772E222B8500034FB7 /* Debug */ = {
			isa = XCBuildConfiguration;
			buildSettings = {
				ASSETCATALOG_COMPILER_APPICON_NAME = AppIcon;
				ASSETCATALOG_COMPILER_GLOBAL_ACCENT_COLOR_NAME = AccentColor;
				CODE_SIGN_STYLE = Automatic;
				CURRENT_PROJECT_VERSION = 1;
				DEVELOPMENT_ASSET_PATHS = "\"AtlysTest/Preview Content\"";
				ENABLE_PREVIEWS = YES;
				GENERATE_INFOPLIST_FILE = YES;
				INFOPLIST_KEY_UIApplicationSceneManifest_Generation = YES;
				INFOPLIST_KEY_UIApplicationSupportsIndirectInputEvents = YES;
				INFOPLIST_KEY_UILaunchScreen_Generation = YES;
				INFOPLIST_KEY_UISupportedInterfaceOrientations_iPad = "UIInterfaceOrientationPortrait UIInterfaceOrientationPortraitUpsideDown UIInterfaceOrientationLandscapeLeft UIInterfaceOrientationLandscapeRight";
				INFOPLIST_KEY_UISupportedInterfaceOrientations_iPhone = "UIInterfaceOrientationPortrait UIInterfaceOrientationLandscapeLeft UIInterfaceOrientationLandscapeRight";
				LD_RUNPATH_SEARCH_PATHS = (
					"$(inherited)",
					"@executable_path/Frameworks",
				);
				MARKETING_VERSION = 1.0;
				PRODUCT_BUNDLE_IDENTIFIER = poonam.AtlysTest;
				PRODUCT_NAME = "$(TARGET_NAME)";
				SWIFT_EMIT_LOC_STRINGS = YES;
				SWIFT_VERSION = 5.0;
				TARGETED_DEVICE_FAMILY = "1,2";
			};
			name = Debug;
		};
		680520782E222B8500034FB7 /* Release */ = {
			isa = XCBuildConfiguration;
			buildSettings = {
				ASSETCATALOG_COMPILER_APPICON_NAME = AppIcon;
				ASSETCATALOG_COMPILER_GLOBAL_ACCENT_COLOR_NAME = AccentColor;
				CODE_SIGN_STYLE = Automatic;
				CURRENT_PROJECT_VERSION = 1;
				DEVELOPMENT_ASSET_PATHS = "\"AtlysTest/Preview Content\"";
				ENABLE_PREVIEWS = YES;
				GENERATE_INFOPLIST_FILE = YES;
				INFOPLIST_KEY_UIApplicationSceneManifest_Generation = YES;
				INFOPLIST_KEY_UIApplicationSupportsIndirectInputEvents = YES;
				INFOPLIST_KEY_UILaunchScreen_Generation = YES;
				INFOPLIST_KEY_UISupportedInterfaceOrientations_iPad = "UIInterfaceOrientationPortrait UIInterfaceOrientationPortraitUpsideDown UIInterfaceOrientationLandscapeLeft UIInterfaceOrientationLandscapeRight";
				INFOPLIST_KEY_UISupportedInterfaceOrientations_iPhone = "UIInterfaceOrientationPortrait UIInterfaceOrientationLandscapeLeft UIInterfaceOrientationLandscapeRight";
				LD_RUNPATH_SEARCH_PATHS = (
					"$(inherited)",
					"@executable_path/Frameworks",
				);
				MARKETING_VERSION = 1.0;
				PRODUCT_BUNDLE_IDENTIFIER = poonam.AtlysTest;
				PRODUCT_NAME = "$(TARGET_NAME)";
				SWIFT_EMIT_LOC_STRINGS = YES;
				SWIFT_VERSION = 5.0;
				TARGETED_DEVICE_FAMILY = "1,2";
			};
			name = Release;
		};
		6805207A2E222B8500034FB7 /* Debug */ = {
			isa = XCBuildConfiguration;
			buildSettings = {
				ALWAYS_EMBED_SWIFT_STANDARD_LIBRARIES = YES;
				BUNDLE_LOADER = "$(TEST_HOST)";
				CODE_SIGN_STYLE = Automatic;
				CURRENT_PROJECT_VERSION = 1;
				GENERATE_INFOPLIST_FILE = YES;
				IPHONEOS_DEPLOYMENT_TARGET = 17.5;
				MARKETING_VERSION = 1.0;
				PRODUCT_BUNDLE_IDENTIFIER = poonam.AtlysTestTests;
				PRODUCT_NAME = "$(TARGET_NAME)";
				SWIFT_EMIT_LOC_STRINGS = NO;
				SWIFT_VERSION = 5.0;
				TARGETED_DEVICE_FAMILY = "1,2";
				TEST_HOST = "$(BUILT_PRODUCTS_DIR)/AtlysTest.app/$(BUNDLE_EXECUTABLE_FOLDER_PATH)/AtlysTest";
			};
			name = Debug;
		};
		6805207B2E222B8500034FB7 /* Release */ = {
			isa = XCBuildConfiguration;
			buildSettings = {
				ALWAYS_EMBED_SWIFT_STANDARD_LIBRARIES = YES;
				BUNDLE_LOADER = "$(TEST_HOST)";
				CODE_SIGN_STYLE = Automatic;
				CURRENT_PROJECT_VERSION = 1;
				GENERATE_INFOPLIST_FILE = YES;
				IPHONEOS_DEPLOYMENT_TARGET = 17.5;
				MARKETING_VERSION = 1.0;
				PRODUCT_BUNDLE_IDENTIFIER = poonam.AtlysTestTests;
				PRODUCT_NAME = "$(TARGET_NAME)";
				SWIFT_EMIT_LOC_STRINGS = NO;
				SWIFT_VERSION = 5.0;
				TARGETED_DEVICE_FAMILY = "1,2";
				TEST_HOST = "$(BUILT_PRODUCTS_DIR)/AtlysTest.app/$(BUNDLE_EXECUTABLE_FOLDER_PATH)/AtlysTest";
			};
			name = Release;
		};
		6805207D2E222B8500034FB7 /* Debug */ = {
			isa = XCBuildConfiguration;
			buildSettings = {
				ALWAYS_EMBED_SWIFT_STANDARD_LIBRARIES = YES;
				CODE_SIGN_STYLE = Automatic;
				CURRENT_PROJECT_VERSION = 1;
				GENERATE_INFOPLIST_FILE = YES;
				MARKETING_VERSION = 1.0;
				PRODUCT_BUNDLE_IDENTIFIER = poonam.AtlysTestUITests;
				PRODUCT_NAME = "$(TARGET_NAME)";
				SWIFT_EMIT_LOC_STRINGS = NO;
				SWIFT_VERSION = 5.0;
				TARGETED_DEVICE_FAMILY = "1,2";
				TEST_TARGET_NAME = AtlysTest;
			};
			name = Debug;
		};
		6805207E2E222B8500034FB7 /* Release */ = {
			isa = XCBuildConfiguration;
			buildSettings = {
				ALWAYS_EMBED_SWIFT_STANDARD_LIBRARIES = YES;
				CODE_SIGN_STYLE = Automatic;
				CURRENT_PROJECT_VERSION = 1;
				GENERATE_INFOPLIST_FILE = YES;
				MARKETING_VERSION = 1.0;
				PRODUCT_BUNDLE_IDENTIFIER = poonam.AtlysTestUITests;
				PRODUCT_NAME = "$(TARGET_NAME)";
				SWIFT_EMIT_LOC_STRINGS = NO;
				SWIFT_VERSION = 5.0;
				TARGETED_DEVICE_FAMILY = "1,2";
				TEST_TARGET_NAME = AtlysTest;
			};
			name = Release;
		};
/* End XCBuildConfiguration section */

/* Begin XCConfigurationList section */
		6805204D2E222B8300034FB7 /* Build configuration list for PBXProject "AtlysTest" */ = {
			isa = XCConfigurationList;
			buildConfigurations = (
				680520742E222B8500034FB7 /* Debug */,
				680520752E222B8500034FB7 /* Release */,
			);
			defaultConfigurationIsVisible = 0;
			defaultConfigurationName = Release;
		};
		680520762E222B8500034FB7 /* Build configuration list for PBXNativeTarget "AtlysTest" */ = {
			isa = XCConfigurationList;
			buildConfigurations = (
				680520772E222B8500034FB7 /* Debug */,
				680520782E222B8500034FB7 /* Release */,
			);
			defaultConfigurationIsVisible = 0;
			defaultConfigurationName = Release;
		};
		680520792E222B8500034FB7 /* Build configuration list for PBXNativeTarget "AtlysTestTests" */ = {
			isa = XCConfigurationList;
			buildConfigurations = (
				6805207A2E222B8500034FB7 /* Debug */,
				6805207B2E222B8500034FB7 /* Release */,
			);
			defaultConfigurationIsVisible = 0;
			defaultConfigurationName = Release;
		};
		6805207C2E222B8500034FB7 /* Build configuration list for PBXNativeTarget "AtlysTestUITests" */ = {
			isa = XCConfigurationList;
			buildConfigurations = (
				6805207D2E222B8500034FB7 /* Debug */,
				6805207E2E222B8500034FB7 /* Release */,
			);
			defaultConfigurationIsVisible = 0;
			defaultConfigurationName = Release;
		};
/* End XCConfigurationList section */
	};
	rootObject = 6805204A2E222B8300034FB7 /* Project object */;
}
